
Microsoft Visual Studio Solution File, Format Version 12.00
# Visual Studio 14
VisualStudioVersion = 14.0.25420.1
MinimumVisualStudioVersion = 10.0.40219.1
Project("{FAE04EC0-301F-11D3-BF4B-00C04F79EFBC}") = "WZL.CSharp.SampleApp", "WZL.CSharp.SampleApp\WZL.CSharp.SampleApp.csproj", "{8D215C6F-A7D8-4A72-9D95-721758FE17DA}"
EndProject
Project("{FAE04EC0-301F-11D3-BF4B-00C04F79EFBC}") = "WZL.CSharp.Models", "WZL.CSharp.Models\WZL.CSharp.Models.csproj", "{20263C73-FC71-4BDA-9FF2-40A64EEFC929}"
EndProject
Project("{FAE04EC0-301F-11D3-BF4B-00C04F79EFBC}") = "WZL.Modbus.ConsoleClient", "WZL.Modbus.ConsoleClient\WZL.Modbus.ConsoleClient.csproj", "{9013E154-743E-4D2B-BBDF-03C8C3386420}"
EndProject
Project("{FAE04EC0-301F-11D3-BF4B-00C04F79EFBC}") = "WZL.SCPI.ConsoleClient", "WZL.SCPI.ConsoleClient\WZL.SCPI.ConsoleClient.csproj", "{36BB32F8-9E99-4CE3-BD31-8790F596E18B}"
EndProject
Project("{FAE04EC0-301F-11D3-BF4B-00C04F79EFBC}") = "WZL.PowerUnit.WPFClient", "WZL.PowerUnit.WPFClient\WZL.PowerUnit.WPFClient.csproj", "{51804865-446F-47EE-9280-AC9475FD3423}"
EndProject
Global
	GlobalSection(SolutionConfigurationPlatforms) = preSolution
		Debug|Any CPU = Debug|Any CPU
		Release|Any CPU = Release|Any CPU
	EndGlobalSection
	GlobalSection(ProjectConfigurationPlatforms) = postSolution
		{8D215C6F-A7D8-4A72-9D95-721758FE17DA}.Debug|Any CPU.ActiveCfg = Debug|Any CPU
		{8D215C6F-A7D8-4A72-9D95-721758FE17DA}.Debug|Any CPU.Build.0 = Debug|Any CPU
		{8D215C6F-A7D8-4A72-9D95-721758FE17DA}.Release|Any CPU.ActiveCfg = Release|Any CPU
		{8D215C6F-A7D8-4A72-9D95-721758FE17DA}.Release|Any CPU.Build.0 = Release|Any CPU
		{20263C73-FC71-4BDA-9FF2-40A64EEFC929}.Debug|Any CPU.ActiveCfg = Debug|Any CPU
		{20263C73-FC71-4BDA-9FF2-40A64EEFC929}.Debug|Any CPU.Build.0 = Debug|Any CPU
		{20263C73-FC71-4BDA-9FF2-40A64EEFC929}.Release|Any CPU.ActiveCfg = Release|Any CPU
		{20263C73-FC71-4BDA-9FF2-40A64EEFC929}.Release|Any CPU.Build.0 = Release|Any CPU
		{9013E154-743E-4D2B-BBDF-03C8C3386420}.Debug|Any CPU.ActiveCfg = Debug|Any CPU
		{9013E154-743E-4D2B-BBDF-03C8C3386420}.Debug|Any CPU.Build.0 = Debug|Any CPU
		{9013E154-743E-4D2B-BBDF-03C8C3386420}.Release|Any CPU.ActiveCfg = Release|Any CPU
		{9013E154-743E-4D2B-BBDF-03C8C3386420}.Release|Any CPU.Build.0 = Release|Any CPU
		{36BB32F8-9E99-4CE3-BD31-8790F596E18B}.Debug|Any CPU.ActiveCfg = Debug|Any CPU
		{36BB32F8-9E99-4CE3-BD31-8790F596E18B}.Debug|Any CPU.Build.0 = Debug|Any CPU
		{36BB32F8-9E99-4CE3-BD31-8790F596E18B}.Release|Any CPU.ActiveCfg = Release|Any CPU
		{36BB32F8-9E99-4CE3-BD31-8790F596E18B}.Release|Any CPU.Build.0 = Release|Any CPU
		{51804865-446F-47EE-9280-AC9475FD3423}.Debug|Any CPU.ActiveCfg = Debug|Any CPU
		{51804865-446F-47EE-9280-AC9475FD3423}.Debug|Any CPU.Build.0 = Debug|Any CPU
		{51804865-446F-47EE-9280-AC9475FD3423}.Release|Any CPU.ActiveCfg = Release|Any CPU
		{51804865-446F-47EE-9280-AC9475FD3423}.Release|Any CPU.Build.0 = Release|Any CPU
	EndGlobalSection
	GlobalSection(SolutionProperties) = preSolution
		HideSolutionNode = FALSE
	EndGlobalSection
EndGlobal
